# THIS IS AN AUTOGENERATED FILE. DO NOT EDIT THIS FILE DIRECTLY.
# yarn lockfile v1


dom7@^4.0.4:
  version "4.0.6"
  resolved "https://registry.yarnpkg.com/dom7/-/dom7-4.0.6.tgz#091a51621d7a19ce0fb86045cafb3c10035e97ed"
  integrity sha512-emjdpPLhpNubapLFdjNL9tP06Sr+GZkrIHEXLWvOGsytACUrkbeIdjO5g77m00BrHTznnlcNqgmn7pCN192TBA==
  dependencies:
    ssr-window "^4.0.0"

ssr-window@^4.0.0, ssr-window@^4.0.2:
  version "4.0.2"
  resolved "https://registry.yarnpkg.com/ssr-window/-/ssr-window-4.0.2.tgz#dc6b3ee37be86ac0e3ddc60030f7b3bc9b8553be"
  integrity sha512-ISv/Ch+ig7SOtw7G2+qkwfVASzazUnvlDTwypdLoPoySv+6MqlOV10VwPSE6EWkGjhW50lUmghPmpYZXMu/+AQ==

stimulus-carousel@^5.0.1:
  version "5.0.1"
  resolved "https://registry.yarnpkg.com/stimulus-carousel/-/stimulus-carousel-5.0.1.tgz#87306f7619ea64a8c36258f6f90f2989089c848d"
  integrity sha512-j37fjoUc/4hkroxuEK6OuhYMd7d9sZN/5pKB5Y+PJzM9Wy5KvAfsURW4c7zMo58BQAlVrrz45XJrHc/XleEU3Q==
  dependencies:
    swiper "^8.4.5"

swiper@^8.4.5:
  version "8.4.7"
  resolved "https://registry.yarnpkg.com/swiper/-/swiper-8.4.7.tgz#0301d385c3efc8efe8b66a64187edcb30e3067ee"
  integrity sha512-VwO/KU3i9IV2Sf+W2NqyzwWob4yX9Qdedq6vBtS0rFqJ6Fa5iLUJwxQkuD4I38w0WDJwmFl8ojkdcRFPHWD+2g==
  dependencies:
    dom7 "^4.0.4"
    ssr-window "^4.0.2"
